
Microsoft Visual Studio Solution File, Format Version 12.00
# Visual Studio Version 17
VisualStudioVersion = 17.0.31903.59
MinimumVisualStudioVersion = 10.0.40219.1
Project("{2150E333-8FDC-42A3-9474-1A3956D46DE8}") = "src", "src", "{827E0CD3-B72D-47B6-A68D-7590B98EB39B}"
EndProject
Project("{FAE04EC0-301F-11D3-BF4B-00C04F79EFBC}") = "Healthcare.Domain", "src\Healthcare.Domain\Healthcare.Domain.csproj", "{25EDA85C-E7E5-458F-940D-8B977647D778}"
EndProject
Project("{FAE04EC0-301F-11D3-BF4B-00C04F79EFBC}") = "Healthcare.Application", "src\Healthcare.Application\Healthcare.Application.csproj", "{4F84F1DD-B6F8-4420-A33D-D667CA705B26}"
EndProject
Project("{FAE04EC0-301F-11D3-BF4B-00C04F79EFBC}") = "Healthcare.Infrastructure", "src\Healthcare.Infrastructure\Healthcare.Infrastructure.csproj", "{235227AD-DD34-4888-8085-4B14BC7A0FCB}"
EndProject
Project("{FAE04EC0-301F-11D3-BF4B-00C04F79EFBC}") = "Healthcare.Persistence", "src\Healthcare.Persistence\Healthcare.Persistence.csproj", "{8B25A501-411F-4B77-BF5B-AA87F437707E}"
EndProject
Project("{FAE04EC0-301F-11D3-BF4B-00C04F79EFBC}") = "Healthcare.API", "src\Healthcare.API\Healthcare.API.csproj", "{AD138C9E-AE3C-4280-B65F-99E8476FDF80}"
EndProject
Project("{FAE04EC0-301F-11D3-BF4B-00C04F79EFBC}") = "Healthcare.Tests", "src\Healthcare.Tests\Healthcare.Tests.csproj", "{E19D904A-758F-4931-8A3B-6E221B11E212}"
EndProject
Global
	GlobalSection(SolutionConfigurationPlatforms) = preSolution
		Debug|Any CPU = Debug|Any CPU
		Debug|x64 = Debug|x64
		Debug|x86 = Debug|x86
		Release|Any CPU = Release|Any CPU
		Release|x64 = Release|x64
		Release|x86 = Release|x86
	EndGlobalSection
	GlobalSection(ProjectConfigurationPlatforms) = postSolution
		{25EDA85C-E7E5-458F-940D-8B977647D778}.Debug|Any CPU.ActiveCfg = Debug|Any CPU
		{25EDA85C-E7E5-458F-940D-8B977647D778}.Debug|Any CPU.Build.0 = Debug|Any CPU
		{25EDA85C-E7E5-458F-940D-8B977647D778}.Debug|x64.ActiveCfg = Debug|Any CPU
		{25EDA85C-E7E5-458F-940D-8B977647D778}.Debug|x64.Build.0 = Debug|Any CPU
		{25EDA85C-E7E5-458F-940D-8B977647D778}.Debug|x86.ActiveCfg = Debug|Any CPU
		{25EDA85C-E7E5-458F-940D-8B977647D778}.Debug|x86.Build.0 = Debug|Any CPU
		{25EDA85C-E7E5-458F-940D-8B977647D778}.Release|Any CPU.ActiveCfg = Release|Any CPU
		{25EDA85C-E7E5-458F-940D-8B977647D778}.Release|Any CPU.Build.0 = Release|Any CPU
		{25EDA85C-E7E5-458F-940D-8B977647D778}.Release|x64.ActiveCfg = Release|Any CPU
		{25EDA85C-E7E5-458F-940D-8B977647D778}.Release|x64.Build.0 = Release|Any CPU
		{25EDA85C-E7E5-458F-940D-8B977647D778}.Release|x86.ActiveCfg = Release|Any CPU
		{25EDA85C-E7E5-458F-940D-8B977647D778}.Release|x86.Build.0 = Release|Any CPU
		{4F84F1DD-B6F8-4420-A33D-D667CA705B26}.Debug|Any CPU.ActiveCfg = Debug|Any CPU
		{4F84F1DD-B6F8-4420-A33D-D667CA705B26}.Debug|Any CPU.Build.0 = Debug|Any CPU
		{4F84F1DD-B6F8-4420-A33D-D667CA705B26}.Debug|x64.ActiveCfg = Debug|Any CPU
		{4F84F1DD-B6F8-4420-A33D-D667CA705B26}.Debug|x64.Build.0 = Debug|Any CPU
		{4F84F1DD-B6F8-4420-A33D-D667CA705B26}.Debug|x86.ActiveCfg = Debug|Any CPU
		{4F84F1DD-B6F8-4420-A33D-D667CA705B26}.Debug|x86.Build.0 = Debug|Any CPU
		{4F84F1DD-B6F8-4420-A33D-D667CA705B26}.Release|Any CPU.ActiveCfg = Release|Any CPU
		{4F84F1DD-B6F8-4420-A33D-D667CA705B26}.Release|Any CPU.Build.0 = Release|Any CPU
		{4F84F1DD-B6F8-4420-A33D-D667CA705B26}.Release|x64.ActiveCfg = Release|Any CPU
		{4F84F1DD-B6F8-4420-A33D-D667CA705B26}.Release|x64.Build.0 = Release|Any CPU
		{4F84F1DD-B6F8-4420-A33D-D667CA705B26}.Release|x86.ActiveCfg = Release|Any CPU
		{4F84F1DD-B6F8-4420-A33D-D667CA705B26}.Release|x86.Build.0 = Release|Any CPU
		{235227AD-DD34-4888-8085-4B14BC7A0FCB}.Debug|Any CPU.ActiveCfg = Debug|Any CPU
		{235227AD-DD34-4888-8085-4B14BC7A0FCB}.Debug|Any CPU.Build.0 = Debug|Any CPU
		{235227AD-DD34-4888-8085-4B14BC7A0FCB}.Debug|x64.ActiveCfg = Debug|Any CPU
		{235227AD-DD34-4888-8085-4B14BC7A0FCB}.Debug|x64.Build.0 = Debug|Any CPU
		{235227AD-DD34-4888-8085-4B14BC7A0FCB}.Debug|x86.ActiveCfg = Debug|Any CPU
		{235227AD-DD34-4888-8085-4B14BC7A0FCB}.Debug|x86.Build.0 = Debug|Any CPU
		{235227AD-DD34-4888-8085-4B14BC7A0FCB}.Release|Any CPU.ActiveCfg = Release|Any CPU
		{235227AD-DD34-4888-8085-4B14BC7A0FCB}.Release|Any CPU.Build.0 = Release|Any CPU
		{235227AD-DD34-4888-8085-4B14BC7A0FCB}.Release|x64.ActiveCfg = Release|Any CPU
		{235227AD-DD34-4888-8085-4B14BC7A0FCB}.Release|x64.Build.0 = Release|Any CPU
		{235227AD-DD34-4888-8085-4B14BC7A0FCB}.Release|x86.ActiveCfg = Release|Any CPU
		{235227AD-DD34-4888-8085-4B14BC7A0FCB}.Release|x86.Build.0 = Release|Any CPU
		{8B25A501-411F-4B77-BF5B-AA87F437707E}.Debug|Any CPU.ActiveCfg = Debug|Any CPU
		{8B25A501-411F-4B77-BF5B-AA87F437707E}.Debug|Any CPU.Build.0 = Debug|Any CPU
		{8B25A501-411F-4B77-BF5B-AA87F437707E}.Debug|x64.ActiveCfg = Debug|Any CPU
		{8B25A501-411F-4B77-BF5B-AA87F437707E}.Debug|x64.Build.0 = Debug|Any CPU
		{8B25A501-411F-4B77-BF5B-AA87F437707E}.Debug|x86.ActiveCfg = Debug|Any CPU
		{8B25A501-411F-4B77-BF5B-AA87F437707E}.Debug|x86.Build.0 = Debug|Any CPU
		{8B25A501-411F-4B77-BF5B-AA87F437707E}.Release|Any CPU.ActiveCfg = Release|Any CPU
		{8B25A501-411F-4B77-BF5B-AA87F437707E}.Release|Any CPU.Build.0 = Release|Any CPU
		{8B25A501-411F-4B77-BF5B-AA87F437707E}.Release|x64.ActiveCfg = Release|Any CPU
		{8B25A501-411F-4B77-BF5B-AA87F437707E}.Release|x64.Build.0 = Release|Any CPU
		{8B25A501-411F-4B77-BF5B-AA87F437707E}.Release|x86.ActiveCfg = Release|Any CPU
		{8B25A501-411F-4B77-BF5B-AA87F437707E}.Release|x86.Build.0 = Release|Any CPU
		{AD138C9E-AE3C-4280-B65F-99E8476FDF80}.Debug|Any CPU.ActiveCfg = Debug|Any CPU
		{AD138C9E-AE3C-4280-B65F-99E8476FDF80}.Debug|Any CPU.Build.0 = Debug|Any CPU
		{AD138C9E-AE3C-4280-B65F-99E8476FDF80}.Debug|x64.ActiveCfg = Debug|Any CPU
		{AD138C9E-AE3C-4280-B65F-99E8476FDF80}.Debug|x64.Build.0 = Debug|Any CPU
		{AD138C9E-AE3C-4280-B65F-99E8476FDF80}.Debug|x86.ActiveCfg = Debug|Any CPU
		{AD138C9E-AE3C-4280-B65F-99E8476FDF80}.Debug|x86.Build.0 = Debug|Any CPU
		{AD138C9E-AE3C-4280-B65F-99E8476FDF80}.Release|Any CPU.ActiveCfg = Release|Any CPU
		{AD138C9E-AE3C-4280-B65F-99E8476FDF80}.Release|Any CPU.Build.0 = Release|Any CPU
		{AD138C9E-AE3C-4280-B65F-99E8476FDF80}.Release|x64.ActiveCfg = Release|Any CPU
		{AD138C9E-AE3C-4280-B65F-99E8476FDF80}.Release|x64.Build.0 = Release|Any CPU
		{AD138C9E-AE3C-4280-B65F-99E8476FDF80}.Release|x86.ActiveCfg = Release|Any CPU
		{AD138C9E-AE3C-4280-B65F-99E8476FDF80}.Release|x86.Build.0 = Release|Any CPU
		{E19D904A-758F-4931-8A3B-6E221B11E212}.Debug|Any CPU.ActiveCfg = Debug|Any CPU
		{E19D904A-758F-4931-8A3B-6E221B11E212}.Debug|Any CPU.Build.0 = Debug|Any CPU
		{E19D904A-758F-4931-8A3B-6E221B11E212}.Debug|x64.ActiveCfg = Debug|Any CPU
		{E19D904A-758F-4931-8A3B-6E221B11E212}.Debug|x64.Build.0 = Debug|Any CPU
		{E19D904A-758F-4931-8A3B-6E221B11E212}.Debug|x86.ActiveCfg = Debug|Any CPU
		{E19D904A-758F-4931-8A3B-6E221B11E212}.Debug|x86.Build.0 = Debug|Any CPU
		{E19D904A-758F-4931-8A3B-6E221B11E212}.Release|Any CPU.ActiveCfg = Release|Any CPU
		{E19D904A-758F-4931-8A3B-6E221B11E212}.Release|Any CPU.Build.0 = Release|Any CPU
		{E19D904A-758F-4931-8A3B-6E221B11E212}.Release|x64.ActiveCfg = Release|Any CPU
		{E19D904A-758F-4931-8A3B-6E221B11E212}.Release|x64.Build.0 = Release|Any CPU
		{E19D904A-758F-4931-8A3B-6E221B11E212}.Release|x86.ActiveCfg = Release|Any CPU
		{E19D904A-758F-4931-8A3B-6E221B11E212}.Release|x86.Build.0 = Release|Any CPU
	EndGlobalSection
	GlobalSection(SolutionProperties) = preSolution
		HideSolutionNode = FALSE
	EndGlobalSection
	GlobalSection(NestedProjects) = preSolution
		{25EDA85C-E7E5-458F-940D-8B977647D778} = {827E0CD3-B72D-47B6-A68D-7590B98EB39B}
		{4F84F1DD-B6F8-4420-A33D-D667CA705B26} = {827E0CD3-B72D-47B6-A68D-7590B98EB39B}
		{235227AD-DD34-4888-8085-4B14BC7A0FCB} = {827E0CD3-B72D-47B6-A68D-7590B98EB39B}
		{8B25A501-411F-4B77-BF5B-AA87F437707E} = {827E0CD3-B72D-47B6-A68D-7590B98EB39B}
		{AD138C9E-AE3C-4280-B65F-99E8476FDF80} = {827E0CD3-B72D-47B6-A68D-7590B98EB39B}
		{E19D904A-758F-4931-8A3B-6E221B11E212} = {827E0CD3-B72D-47B6-A68D-7590B98EB39B}
	EndGlobalSection
EndGlobal
